
Microsoft Visual Studio Solution File, Format Version 12.00
# Visual Studio Version 17
VisualStudioVersion = 17.11.35431.28
MinimumVisualStudioVersion = 10.0.40219.1
Project("{FAE04EC0-301F-11D3-BF4B-00C04F79EFBC}") = "First Console Game SNAKE", "First Console Game SNAKE.csproj", "{5B085511-F85F-4F01-AC97-15D31B65484F}"
EndProject
Global
	GlobalSection(SolutionConfigurationPlatforms) = preSolution
		Debug|Any CPU = Debug|Any CPU
		Release|Any CPU = Release|Any CPU
	EndGlobalSection
	GlobalSection(ProjectConfigurationPlatforms) = postSolution
		{5B085511-F85F-4F01-AC97-15D31B65484F}.Debug|Any CPU.ActiveCfg = Debug|Any CPU
		{5B085511-F85F-4F01-AC97-15D31B65484F}.Debug|Any CPU.Build.0 = Debug|Any CPU
		{5B085511-F85F-4F01-AC97-15D31B65484F}.Release|Any CPU.ActiveCfg = Release|Any CPU
		{5B085511-F85F-4F01-AC97-15D31B65484F}.Release|Any CPU.Build.0 = Release|Any CPU
	EndGlobalSection
	GlobalSection(SolutionProperties) = preSolution
		HideSolutionNode = FALSE
	EndGlobalSection
	GlobalSection(ExtensibilityGlobals) = postSolution
		SolutionGuid = {0313C1E1-4BA0-4D83-8D0E-C744508C9788}
	EndGlobalSection
EndGlobal
